<Solution>
  <Folder Name="/src/">
    <Project Path="src/DiceRoller.UserAccess.Domain/DiceRoller.UserAccess.Domain.csproj" />
    <Project Path="src/DiceRoller.UserAccess.Application/DiceRoller.UserAccess.Application.csproj" />
    <Project Path="src/DiceRoller.UserAccess.Infrastructure/DiceRoller.UserAccess.Infrastructure.csproj" />
    <Project Path="src/DiceRoller.UserAccess.Api/DiceRoller.UserAccess.Api.csproj" />
  </Folder>
  <Folder Name="/tests/">
    <Project Path="tests/DiceRoller.UserAccess.UnitTests/DiceRoller.UserAccess.UnitTests.csproj" />
    <Project Path="tests/DiceRoller.UserAccess.IntegrationTests/DiceRoller.UserAccess.IntegrationTests.csproj" />
  </Folder>
  <Folder Name="/Solution Items/">
    <File Path=".editorconfig" />
    <File Path="Directory.Build.props" />
    <File Path="Directory.Packages.props" />
    <File Path="global.json" />
    <File Path="nuget.config" />
    <File Path="README.md" />
  </Folder>
</Solution>
